version = 1
requires-python = ">=3.8"

[[package]]
name = "funbuild"
version = "1.5.47"
source = { virtual = "." }
dependencies = [
    { name = "ruff" },
    { name = "toml" },
    { name = "uv" },
]

[package.metadata]
requires-dist = [
    { name = "ruff", specifier = ">=0.8.0" },
    { name = "toml", specifier = ">=0.10.2" },
    { name = "uv", specifier = "==0.4.30" },
]

[[package]]
name = "ruff"
version = "0.8.0"
source = { registry = "https://pypi.org/simple" }
sdist = { url = "https://files.pythonhosted.org/packages/b2/d6/a2373f3ba7180ddb44420d2a9d1f1510e1a4d162b3d27282bedcb09c8da9/ruff-0.8.0.tar.gz", hash = "sha256:a7ccfe6331bf8c8dad715753e157457faf7351c2b69f62f32c165c2dbcbacd44", size = 3276537 }
wheels = [
    { url = "https://files.pythonhosted.org/packages/ec/77/e889ee3ce7fd8baa3ed1b77a03b9fb8ec1be68be1418261522fd6a5405e0/ruff-0.8.0-py3-none-linux_armv6l.whl", hash = "sha256:fcb1bf2cc6706adae9d79c8d86478677e3bbd4ced796ccad106fd4776d395fea", size = 10518283 },
    { url = "https://files.pythonhosted.org/packages/da/c8/0a47de01edf19fb22f5f9b7964f46a68d0bdff20144d134556ffd1ba9154/ruff-0.8.0-py3-none-macosx_10_12_x86_64.whl", hash = "sha256:295bb4c02d58ff2ef4378a1870c20af30723013f441c9d1637a008baaf928c8b", size = 10317691 },
    { url = "https://files.pythonhosted.org/packages/41/17/9885e4a0eeae07abd2a4ebabc3246f556719f24efa477ba2739146c4635a/ruff-0.8.0-py3-none-macosx_11_0_arm64.whl", hash = "sha256:7b1f1c76b47c18fa92ee78b60d2d20d7e866c55ee603e7d19c1e991fad933a9a", size = 9940999 },
    { url = "https://files.pythonhosted.org/packages/3e/cd/46b6f7043597eb318b5f5482c8ae8f5491cccce771e85f59d23106f2d179/ruff-0.8.0-py3-none-manylinux_2_17_aarch64.manylinux2014_aarch64.whl", hash = "sha256:eb0d4f250a7711b67ad513fde67e8870109e5ce590a801c3722580fe98c33a99", size = 10772437 },
    { url = "https://files.pythonhosted.org/packages/5d/87/afc95aeb8bc78b1d8a3461717a4419c05aa8aa943d4c9cbd441630f85584/ruff-0.8.0-py3-none-manylinux_2_17_armv7l.manylinux2014_armv7l.whl", hash = "sha256:0e55cce9aa93c5d0d4e3937e47b169035c7e91c8655b0974e61bb79cf398d49c", size = 10299156 },
    { url = "https://files.pythonhosted.org/packages/65/fa/04c647bb809c4d65e8eae1ed1c654d9481b21dd942e743cd33511687b9f9/ruff-0.8.0-py3-none-manylinux_2_17_i686.manylinux2014_i686.whl", hash = "sha256:3f4cd64916d8e732ce6b87f3f5296a8942d285bbbc161acee7fe561134af64f9", size = 11325819 },
    { url = "https://files.pythonhosted.org/packages/90/26/7dad6e7d833d391a8a1afe4ee70ca6f36c4a297d3cca83ef10e83e9aacf3/ruff-0.8.0-py3-none-manylinux_2_17_ppc64.manylinux2014_ppc64.whl", hash = "sha256:c5c1466be2a2ebdf7c5450dd5d980cc87c8ba6976fb82582fea18823da6fa362", size = 12023927 },
    { url = "https://files.pythonhosted.org/packages/24/a0/be5296dda6428ba8a13bda8d09fbc0e14c810b485478733886e61597ae2b/ruff-0.8.0-py3-none-manylinux_2_17_ppc64le.manylinux2014_ppc64le.whl", hash = "sha256:2dabfd05b96b7b8f2da00d53c514eea842bff83e41e1cceb08ae1966254a51df", size = 11589702 },
    { url = "https://files.pythonhosted.org/packages/26/3f/7602eb11d2886db545834182a9dbe500b8211fcbc9b4064bf9d358bbbbb4/ruff-0.8.0-py3-none-manylinux_2_17_s390x.manylinux2014_s390x.whl", hash = "sha256:facebdfe5a5af6b1588a1d26d170635ead6892d0e314477e80256ef4a8470cf3", size = 12782936 },
    { url = "https://files.pythonhosted.org/packages/4c/5d/083181bdec4ec92a431c1291d3fff65eef3ded630a4b55eb735000ef5f3b/ruff-0.8.0-py3-none-manylinux_2_17_x86_64.manylinux2014_x86_64.whl", hash = "sha256:87a8e86bae0dbd749c815211ca11e3a7bd559b9710746c559ed63106d382bd9c", size = 11138488 },
    { url = "https://files.pythonhosted.org/packages/b7/23/c12cdef58413cee2436d6a177aa06f7a366ebbca916cf10820706f632459/ruff-0.8.0-py3-none-musllinux_1_2_aarch64.whl", hash = "sha256:85e654f0ded7befe2d61eeaf3d3b1e4ef3894469cd664ffa85006c7720f1e4a2", size = 10744474 },
    { url = "https://files.pythonhosted.org/packages/29/61/a12f3b81520083cd7c5caa24ba61bb99fd1060256482eff0ef04cc5ccd1b/ruff-0.8.0-py3-none-musllinux_1_2_armv7l.whl", hash = "sha256:83a55679c4cb449fa527b8497cadf54f076603cc36779b2170b24f704171ce70", size = 10369029 },
    { url = "https://files.pythonhosted.org/packages/08/2a/c013f4f3e4a54596c369cee74c24870ed1d534f31a35504908b1fc97017a/ruff-0.8.0-py3-none-musllinux_1_2_i686.whl", hash = "sha256:812e2052121634cf13cd6fddf0c1871d0ead1aad40a1a258753c04c18bb71bbd", size = 10867481 },
    { url = "https://files.pythonhosted.org/packages/d5/f7/685b1e1d42a3e94ceb25eab23c70bdd8c0ab66a43121ef83fe6db5a58756/ruff-0.8.0-py3-none-musllinux_1_2_x86_64.whl", hash = "sha256:780d5d8523c04202184405e60c98d7595bdb498c3c6abba3b6d4cdf2ca2af426", size = 11237117 },
    { url = "https://files.pythonhosted.org/packages/03/20/401132c0908e8837625e3b7e32df9962e7cd681a4df1e16a10e2a5b4ecda/ruff-0.8.0-py3-none-win32.whl", hash = "sha256:5fdb6efecc3eb60bba5819679466471fd7d13c53487df7248d6e27146e985468", size = 8783511 },
    { url = "https://files.pythonhosted.org/packages/1d/5c/4d800fca7854f62ad77f2c0d99b4b585f03e2d87a6ec1ecea85543a14a3c/ruff-0.8.0-py3-none-win_amd64.whl", hash = "sha256:582891c57b96228d146725975fbb942e1f30a0c4ba19722e692ca3eb25cc9b4f", size = 9559876 },
    { url = "https://files.pythonhosted.org/packages/5b/bc/cc8a6a5ca4960b226dc15dd8fb511dd11f2014ff89d325c0b9b9faa9871f/ruff-0.8.0-py3-none-win_arm64.whl", hash = "sha256:ba93e6294e9a737cd726b74b09a6972e36bb511f9a102f1d9a7e1ce94dd206a6", size = 8939733 },
]

[[package]]
name = "toml"
version = "0.10.2"
source = { registry = "https://pypi.org/simple" }
sdist = { url = "https://files.pythonhosted.org/packages/be/ba/1f744cdc819428fc6b5084ec34d9b30660f6f9daaf70eead706e3203ec3c/toml-0.10.2.tar.gz", hash = "sha256:b3bda1d108d5dd99f4a20d24d9c348e91c4db7ab1b749200bded2f839ccbe68f", size = 22253 }
wheels = [
    { url = "https://files.pythonhosted.org/packages/44/6f/7120676b6d73228c96e17f1f794d8ab046fc910d781c8d151120c3f1569e/toml-0.10.2-py2.py3-none-any.whl", hash = "sha256:806143ae5bfb6a3c6e736a764057db0e6a0e05e338b5630894a5f779cabb4f9b", size = 16588 },
]

[[package]]
name = "uv"
version = "0.4.30"
source = { registry = "https://pypi.org/simple" }
sdist = { url = "https://files.pythonhosted.org/packages/8e/66/8191736201d0b503f75cc5682e5d1a47e0e4fe55f5616605af8727e2c9de/uv-0.4.30.tar.gz", hash = "sha256:d9de718380e2f167243ca5e1dccea781e06404158442491255fec5955d57fed9", size = 2126167 }
wheels = [
    { url = "https://files.pythonhosted.org/packages/b7/67/f8eefd7499740fc5c2764574ad2d577a50d925c506e74cd0557c2d64f05b/uv-0.4.30-py3-none-linux_armv6l.whl", hash = "sha256:4ddad09385221fa5c609169e4a0dd5bee27cf56c1dc450d4cdc113122c54bb09", size = 13447487 },
    { url = "https://files.pythonhosted.org/packages/bb/07/9e8f09a4f93fd3cda20e635392994bf15c79ec5c853b5d3fe001b8259ef6/uv-0.4.30-py3-none-macosx_10_12_x86_64.whl", hash = "sha256:f63d6646acdf2f38a5afca9fb9eeac62efa663a57f3c134f735a5f575b4e748f", size = 13478492 },
    { url = "https://files.pythonhosted.org/packages/67/37/8994c3d0be99851a21a6ee01bbf3cb35ddc4b202a2f6f4014098d5893660/uv-0.4.30-py3-none-macosx_11_0_arm64.whl", hash = "sha256:353617bfcf72e1eabade426d83fb86a69d11273d1612aabc3f4566d41c596c97", size = 12467039 },
    { url = "https://files.pythonhosted.org/packages/0a/bc/c5fc5ede7f073c850fe61d1b35d45d45936bd212a188a513e319d11e450c/uv-0.4.30-py3-none-manylinux_2_17_aarch64.manylinux2014_aarch64.musllinux_1_1_aarch64.whl", hash = "sha256:dedcae3619f0eb181459b597fefefd99cb21fe5a5a48a530be6f5ad934399bfb", size = 12740841 },
    { url = "https://files.pythonhosted.org/packages/a1/a7/a728622e0990ba8fe5188387c7a21218e605f00297c6466ecd4caff068e4/uv-0.4.30-py3-none-manylinux_2_17_armv7l.manylinux2014_armv7l.whl", hash = "sha256:232575f30ed971ea32d4a525b7146c4b088a07ed6e70a31da63792d563fcac44", size = 13257182 },
    { url = "https://files.pythonhosted.org/packages/53/08/eb5283f4fb758537f18d5dfbb0f8dae3198be9f091e7a66d016a6a8c0b5c/uv-0.4.30-py3-none-manylinux_2_17_i686.manylinux2014_i686.whl", hash = "sha256:0c89f2eff63a08d04e81629611f43b1ffa668af6de0382b95a71599af7d4b77c", size = 13817386 },
    { url = "https://files.pythonhosted.org/packages/43/28/b1b914c67807cd05d0e0ffe682d82335fa9d222ebd271553aa423b34b734/uv-0.4.30-py3-none-manylinux_2_17_ppc64.manylinux2014_ppc64.whl", hash = "sha256:4d41d09cabba1988728c2d9b9ad25f79233c2aa3d6ecd724c36f4678c4c89711", size = 14417701 },
    { url = "https://files.pythonhosted.org/packages/0a/5d/fa1294dec14271be15affd420bdbba415dbc7e3db5b63719f8fb6d5cef34/uv-0.4.30-py3-none-manylinux_2_17_ppc64le.manylinux2014_ppc64le.whl", hash = "sha256:9ed0183e747065b9b1bcfb699ff10df671ebe6259709ce83e709f86cea564aee", size = 14163236 },
    { url = "https://files.pythonhosted.org/packages/ff/ce/e2fedbfcf055f79dd8c6e827d130bb8b9f2fd0841a6a0973baca8bdee242/uv-0.4.30-py3-none-manylinux_2_17_s390x.manylinux2014_s390x.whl", hash = "sha256:9e17a799c6279800996828e10288ca8ccc40cc883d8998802b938aa671dfa9ce", size = 18250185 },
    { url = "https://files.pythonhosted.org/packages/3b/36/592477b62bbd1d652ec2d45a5a6daba7ed5a6ce008690eb0749e18733adb/uv-0.4.30-py3-none-manylinux_2_17_x86_64.manylinux2014_x86_64.whl", hash = "sha256:63196143f45018364c450ba94279a5bcff8562c14ba63deb41a92ed30baa6e22", size = 13953259 },
    { url = "https://files.pythonhosted.org/packages/f0/a1/4eb54d4b2809cb6b896881609d8620321f9907d052afee3111f72a50d16c/uv-0.4.30-py3-none-manylinux_2_28_aarch64.whl", hash = "sha256:6395820540f368f622e818735862abd633dfe7e729c450fca56b65bab4b46661", size = 12941390 },
    { url = "https://files.pythonhosted.org/packages/e4/68/e963aa4c235151f8f91442ffeb734642fa9d139630b5bcdb77719c84638f/uv-0.4.30-py3-none-musllinux_1_1_armv7l.whl", hash = "sha256:1a83df281c5d900b4758b1a3969b3cff57231f9027db8508b71dce1f2da78684", size = 13209967 },
    { url = "https://files.pythonhosted.org/packages/86/10/b72965bf44de9f31f5031efe9abad871b22c05884092314da4eb1233d0f0/uv-0.4.30-py3-none-musllinux_1_1_i686.whl", hash = "sha256:4aecd9fb39cf018e129627090a1d35af2b0184bb87078d573c9998f5e4072416", size = 13559034 },
    { url = "https://files.pythonhosted.org/packages/3a/58/2ed027ea9ae017d16a78f0b49e738f2df36ce67d2c1c836fcf442731170c/uv-0.4.30-py3-none-musllinux_1_1_ppc64le.whl", hash = "sha256:444468ad0e94b35cbf6acfc8a28589cfe1247136d43895e60a18955ff89a07ad", size = 15433457 },
    { url = "https://files.pythonhosted.org/packages/2b/db/b45b2d1470e39961e7d612f1f2ecd815de9b0fdd3298fbf14ef770863dbc/uv-0.4.30-py3-none-musllinux_1_1_x86_64.whl", hash = "sha256:ea55ca0fe5bdd04e46deaf395b3daf4fa92392f774e83610d066a2b272af5d3f", size = 14062977 },
    { url = "https://files.pythonhosted.org/packages/39/ee/1bac3464ae9c666c974a03e673a8cbb36023783a9c07de24d8a5e0473c4e/uv-0.4.30-py3-none-win32.whl", hash = "sha256:7f09bd6a853767863e2fb905f0eb1a0ed7afa9ea118852e5c02d2b451944e1cf", size = 13377566 },
    { url = "https://files.pythonhosted.org/packages/7b/05/3b42d33752cc0085369b4320e05ff667617de5a570be7cb358c6150ca046/uv-0.4.30-py3-none-win_amd64.whl", hash = "sha256:44c5aeb5b374f9fd1083959934daa9020db3610f0405198c5e3d8ec1f23d961d", size = 15022847 },
]
