version = 1
requires-python = ">=3.8"

[[package]]
name = "funbuild"
version = "1.5.49"
source = { virtual = "." }
dependencies = [
    { name = "ruff" },
    { name = "toml" },
    { name = "uv" },
]

[package.metadata]
requires-dist = [
    { name = "ruff", specifier = ">=0.8.0" },
    { name = "toml", specifier = ">=0.10.2" },
    { name = "uv", specifier = "==0.5.3" },
]

[[package]]
name = "ruff"
version = "0.8.0"
source = { registry = "https://pypi.org/simple" }
sdist = { url = "https://files.pythonhosted.org/packages/b2/d6/a2373f3ba7180ddb44420d2a9d1f1510e1a4d162b3d27282bedcb09c8da9/ruff-0.8.0.tar.gz", hash = "sha256:a7ccfe6331bf8c8dad715753e157457faf7351c2b69f62f32c165c2dbcbacd44", size = 3276537 }
wheels = [
    { url = "https://files.pythonhosted.org/packages/ec/77/e889ee3ce7fd8baa3ed1b77a03b9fb8ec1be68be1418261522fd6a5405e0/ruff-0.8.0-py3-none-linux_armv6l.whl", hash = "sha256:fcb1bf2cc6706adae9d79c8d86478677e3bbd4ced796ccad106fd4776d395fea", size = 10518283 },
    { url = "https://files.pythonhosted.org/packages/da/c8/0a47de01edf19fb22f5f9b7964f46a68d0bdff20144d134556ffd1ba9154/ruff-0.8.0-py3-none-macosx_10_12_x86_64.whl", hash = "sha256:295bb4c02d58ff2ef4378a1870c20af30723013f441c9d1637a008baaf928c8b", size = 10317691 },
    { url = "https://files.pythonhosted.org/packages/41/17/9885e4a0eeae07abd2a4ebabc3246f556719f24efa477ba2739146c4635a/ruff-0.8.0-py3-none-macosx_11_0_arm64.whl", hash = "sha256:7b1f1c76b47c18fa92ee78b60d2d20d7e866c55ee603e7d19c1e991fad933a9a", size = 9940999 },
    { url = "https://files.pythonhosted.org/packages/3e/cd/46b6f7043597eb318b5f5482c8ae8f5491cccce771e85f59d23106f2d179/ruff-0.8.0-py3-none-manylinux_2_17_aarch64.manylinux2014_aarch64.whl", hash = "sha256:eb0d4f250a7711b67ad513fde67e8870109e5ce590a801c3722580fe98c33a99", size = 10772437 },
    { url = "https://files.pythonhosted.org/packages/5d/87/afc95aeb8bc78b1d8a3461717a4419c05aa8aa943d4c9cbd441630f85584/ruff-0.8.0-py3-none-manylinux_2_17_armv7l.manylinux2014_armv7l.whl", hash = "sha256:0e55cce9aa93c5d0d4e3937e47b169035c7e91c8655b0974e61bb79cf398d49c", size = 10299156 },
    { url = "https://files.pythonhosted.org/packages/65/fa/04c647bb809c4d65e8eae1ed1c654d9481b21dd942e743cd33511687b9f9/ruff-0.8.0-py3-none-manylinux_2_17_i686.manylinux2014_i686.whl", hash = "sha256:3f4cd64916d8e732ce6b87f3f5296a8942d285bbbc161acee7fe561134af64f9", size = 11325819 },
    { url = "https://files.pythonhosted.org/packages/90/26/7dad6e7d833d391a8a1afe4ee70ca6f36c4a297d3cca83ef10e83e9aacf3/ruff-0.8.0-py3-none-manylinux_2_17_ppc64.manylinux2014_ppc64.whl", hash = "sha256:c5c1466be2a2ebdf7c5450dd5d980cc87c8ba6976fb82582fea18823da6fa362", size = 12023927 },
    { url = "https://files.pythonhosted.org/packages/24/a0/be5296dda6428ba8a13bda8d09fbc0e14c810b485478733886e61597ae2b/ruff-0.8.0-py3-none-manylinux_2_17_ppc64le.manylinux2014_ppc64le.whl", hash = "sha256:2dabfd05b96b7b8f2da00d53c514eea842bff83e41e1cceb08ae1966254a51df", size = 11589702 },
    { url = "https://files.pythonhosted.org/packages/26/3f/7602eb11d2886db545834182a9dbe500b8211fcbc9b4064bf9d358bbbbb4/ruff-0.8.0-py3-none-manylinux_2_17_s390x.manylinux2014_s390x.whl", hash = "sha256:facebdfe5a5af6b1588a1d26d170635ead6892d0e314477e80256ef4a8470cf3", size = 12782936 },
    { url = "https://files.pythonhosted.org/packages/4c/5d/083181bdec4ec92a431c1291d3fff65eef3ded630a4b55eb735000ef5f3b/ruff-0.8.0-py3-none-manylinux_2_17_x86_64.manylinux2014_x86_64.whl", hash = "sha256:87a8e86bae0dbd749c815211ca11e3a7bd559b9710746c559ed63106d382bd9c", size = 11138488 },
    { url = "https://files.pythonhosted.org/packages/b7/23/c12cdef58413cee2436d6a177aa06f7a366ebbca916cf10820706f632459/ruff-0.8.0-py3-none-musllinux_1_2_aarch64.whl", hash = "sha256:85e654f0ded7befe2d61eeaf3d3b1e4ef3894469cd664ffa85006c7720f1e4a2", size = 10744474 },
    { url = "https://files.pythonhosted.org/packages/29/61/a12f3b81520083cd7c5caa24ba61bb99fd1060256482eff0ef04cc5ccd1b/ruff-0.8.0-py3-none-musllinux_1_2_armv7l.whl", hash = "sha256:83a55679c4cb449fa527b8497cadf54f076603cc36779b2170b24f704171ce70", size = 10369029 },
    { url = "https://files.pythonhosted.org/packages/08/2a/c013f4f3e4a54596c369cee74c24870ed1d534f31a35504908b1fc97017a/ruff-0.8.0-py3-none-musllinux_1_2_i686.whl", hash = "sha256:812e2052121634cf13cd6fddf0c1871d0ead1aad40a1a258753c04c18bb71bbd", size = 10867481 },
    { url = "https://files.pythonhosted.org/packages/d5/f7/685b1e1d42a3e94ceb25eab23c70bdd8c0ab66a43121ef83fe6db5a58756/ruff-0.8.0-py3-none-musllinux_1_2_x86_64.whl", hash = "sha256:780d5d8523c04202184405e60c98d7595bdb498c3c6abba3b6d4cdf2ca2af426", size = 11237117 },
    { url = "https://files.pythonhosted.org/packages/03/20/401132c0908e8837625e3b7e32df9962e7cd681a4df1e16a10e2a5b4ecda/ruff-0.8.0-py3-none-win32.whl", hash = "sha256:5fdb6efecc3eb60bba5819679466471fd7d13c53487df7248d6e27146e985468", size = 8783511 },
    { url = "https://files.pythonhosted.org/packages/1d/5c/4d800fca7854f62ad77f2c0d99b4b585f03e2d87a6ec1ecea85543a14a3c/ruff-0.8.0-py3-none-win_amd64.whl", hash = "sha256:582891c57b96228d146725975fbb942e1f30a0c4ba19722e692ca3eb25cc9b4f", size = 9559876 },
    { url = "https://files.pythonhosted.org/packages/5b/bc/cc8a6a5ca4960b226dc15dd8fb511dd11f2014ff89d325c0b9b9faa9871f/ruff-0.8.0-py3-none-win_arm64.whl", hash = "sha256:ba93e6294e9a737cd726b74b09a6972e36bb511f9a102f1d9a7e1ce94dd206a6", size = 8939733 },
]

[[package]]
name = "toml"
version = "0.10.2"
source = { registry = "https://pypi.org/simple" }
sdist = { url = "https://files.pythonhosted.org/packages/be/ba/1f744cdc819428fc6b5084ec34d9b30660f6f9daaf70eead706e3203ec3c/toml-0.10.2.tar.gz", hash = "sha256:b3bda1d108d5dd99f4a20d24d9c348e91c4db7ab1b749200bded2f839ccbe68f", size = 22253 }
wheels = [
    { url = "https://files.pythonhosted.org/packages/44/6f/7120676b6d73228c96e17f1f794d8ab046fc910d781c8d151120c3f1569e/toml-0.10.2-py2.py3-none-any.whl", hash = "sha256:806143ae5bfb6a3c6e736a764057db0e6a0e05e338b5630894a5f779cabb4f9b", size = 16588 },
]

[[package]]
name = "uv"
version = "0.5.3"
source = { registry = "https://pypi.org/simple" }
sdist = { url = "https://files.pythonhosted.org/packages/05/0b/666a0dbf6a9f24f4b289ce0afcd594ee917e25fad43b7c3ad114d723c379/uv-0.5.3.tar.gz", hash = "sha256:867f9651225a55aec882c40b2a7a905cd4d3521c74a0675c11a7bdaf753b0400", size = 2310780 }
wheels = [
    { url = "https://files.pythonhosted.org/packages/8f/22/7728042fc9352fc96a59cf3d6e053558cec3124150c35e4a9e927359ce3c/uv-0.5.3-py3-none-linux_armv6l.whl", hash = "sha256:fb261c706d7e9899b0f739237cd05386721a93c1f4376085d4a8e86339e8cb22", size = 13895559 },
    { url = "https://files.pythonhosted.org/packages/b0/f3/5f5d9f426d1bc63b35cf87dc6e8e6d17a289c17b510b719c894a445f32de/uv-0.5.3-py3-none-macosx_10_12_x86_64.whl", hash = "sha256:837c9e303c23697508a6ab125d451bcea8bd2d0dbdf13d12e6860b481c46bbfd", size = 13984257 },
    { url = "https://files.pythonhosted.org/packages/38/60/a730f1c06c85947be662fbefcf42cd32311e5da4fd2f4d9f5af9156262e5/uv-0.5.3-py3-none-macosx_11_0_arm64.whl", hash = "sha256:2e900108b7744dba514ba19931edad3bfdfb7d6f76a654bc2eff544da6f20207", size = 12961113 },
    { url = "https://files.pythonhosted.org/packages/16/ec/d6609456af8935515d36dbc31dd4339363e6895b0ed21628b382d2c0826d/uv-0.5.3-py3-none-manylinux_2_17_aarch64.manylinux2014_aarch64.musllinux_1_1_aarch64.whl", hash = "sha256:5caa1cd194925e5c215459c26081ab304c47292d52902faf7a34d94c6e153c03", size = 13205530 },
    { url = "https://files.pythonhosted.org/packages/ca/d1/a93b503cc09cc1abdab783de2f95c22e733e936c30d22e0d78ac68eba577/uv-0.5.3-py3-none-manylinux_2_17_armv7l.manylinux2014_armv7l.whl", hash = "sha256:319ea98006bdeecbc26d7bb59ce8821828eed266bceef86fd2c46c64d9adafd9", size = 13665289 },
    { url = "https://files.pythonhosted.org/packages/2f/93/964c24e9670fb760e77d538eb25fd2e710e0ba238a1ab9b19aa4ef2241ff/uv-0.5.3-py3-none-manylinux_2_17_i686.manylinux2014_i686.whl", hash = "sha256:0cb6583bba8904732879eefba09b19183d456073cb2c86a98d48bfe2e4a02dd9", size = 14213068 },
    { url = "https://files.pythonhosted.org/packages/dd/f7/e9a9ab8afe8be6df7f5df1b7bc296c73f4d536fb09599740a147ba6f1316/uv-0.5.3-py3-none-manylinux_2_17_ppc64.manylinux2014_ppc64.whl", hash = "sha256:991c04f9351705ee322caa7e776d37ef215f74458f68c292811a25eb3ed18e07", size = 14769044 },
    { url = "https://files.pythonhosted.org/packages/d9/76/ecbdf6d41a008470da02142b20c44731bfadbc6a1f6cd7487a53608e2d38/uv-0.5.3-py3-none-manylinux_2_17_ppc64le.manylinux2014_ppc64le.whl", hash = "sha256:53da2848e6b5f33ed1a834aee73020a728fe7363334f0cd53c00d1800dd5f2ed", size = 14656942 },
    { url = "https://files.pythonhosted.org/packages/b6/21/af3d0cc170d91910cb92506c1c026e5b9586f1117e03d3e846aa19e7b302/uv-0.5.3-py3-none-manylinux_2_17_s390x.manylinux2014_s390x.whl", hash = "sha256:4b37792524ce9864bbc0090110727a219473c971e3b4673b14c1817e0bbb3465", size = 18922681 },
    { url = "https://files.pythonhosted.org/packages/1d/b0/84f31a0e8f30ae700a0cc24c08bd5f6c5c09eb38bd35c11680b7daee72ec/uv-0.5.3-py3-none-manylinux_2_17_x86_64.manylinux2014_x86_64.whl", hash = "sha256:fcab6875bf937d6e203dd424c0140af461175b4aa71faddc87d6e5ce61adcc5a", size = 14476768 },
    { url = "https://files.pythonhosted.org/packages/49/ed/bcbdf1df8ac61fdff5cc65cf84cb937a81cef5fff9d40994aade3937797a/uv-0.5.3-py3-none-manylinux_2_28_aarch64.whl", hash = "sha256:415c26372814404105b810ae29e3a8eccd2d4b17f9fdeaf570f24b7ee4e22417", size = 13406015 },
    { url = "https://files.pythonhosted.org/packages/f3/18/a37b638d14822f589b0bd6540eb41514ef2c2434054b197f79179b5284aa/uv-0.5.3-py3-none-musllinux_1_1_armv7l.whl", hash = "sha256:bfee241db07e4663c8f37d70e63a7ce411e7de567f3c87f929174d01d23e752c", size = 13648440 },
    { url = "https://files.pythonhosted.org/packages/08/76/f2def33c376f822b0437938bd67062b20ad67a5a182cb64ba62b7ea47462/uv-0.5.3-py3-none-musllinux_1_1_i686.whl", hash = "sha256:d8b3cd685faa9eb8aa74dac56b5aae8184fef1c127f113539703d1cc8e27d1b8", size = 13961166 },
    { url = "https://files.pythonhosted.org/packages/ee/c0/408c586fe6141d2d1a7562026fdb8811d021ae1e3097511212e83f872ea4/uv-0.5.3-py3-none-musllinux_1_1_ppc64le.whl", hash = "sha256:80f079ca405ee4ecc814f4591b92e869887c70d6a6a3120e9216462c98924f65", size = 15700907 },
    { url = "https://files.pythonhosted.org/packages/01/bb/39c1d3d2716e1734df19309ffd3891a21b0acad5adba10f3c49af61839db/uv-0.5.3-py3-none-musllinux_1_1_x86_64.whl", hash = "sha256:1be17854ee881b454f5eb6a6b501f0431c7c00870ff9375dc08af7c655dd36a3", size = 14601456 },
    { url = "https://files.pythonhosted.org/packages/d6/97/4cc7d9c090cd01d88f7da53fb56f4c615209d4e394877358e875203c5baf/uv-0.5.3-py3-none-win32.whl", hash = "sha256:37eaeb2535a362b55be3e6eb6cfca8df7cb94786c99a150c77e0a7b218f54159", size = 13773101 },
    { url = "https://files.pythonhosted.org/packages/40/7d/c59af092458a0d530817d7d7eef28aee4830981335d2b8f756e67e3e5714/uv-0.5.3-py3-none-win_amd64.whl", hash = "sha256:df2ef8f276324ef9445a26384c86f799493f26974733e6a727c4e05a8b35860f", size = 15622032 },
]
