version = 1
requires-python = ">=3.8"

[[package]]
name = "funbuild"
version = "1.5.34"
source = { virtual = "." }
dependencies = [
    { name = "ruff" },
    { name = "toml" },
    { name = "uv" },
]

[package.metadata]
requires-dist = [
    { name = "ruff", specifier = ">=0.8.0" },
    { name = "toml", specifier = ">=0.10.2" },
    { name = "uv", specifier = ">=0.5.5" },
]

[[package]]
name = "ruff"
version = "0.8.0"
source = { registry = "https://pypi.org/simple" }
sdist = { url = "https://files.pythonhosted.org/packages/b2/d6/a2373f3ba7180ddb44420d2a9d1f1510e1a4d162b3d27282bedcb09c8da9/ruff-0.8.0.tar.gz", hash = "sha256:a7ccfe6331bf8c8dad715753e157457faf7351c2b69f62f32c165c2dbcbacd44", size = 3276537 }
wheels = [
    { url = "https://files.pythonhosted.org/packages/ec/77/e889ee3ce7fd8baa3ed1b77a03b9fb8ec1be68be1418261522fd6a5405e0/ruff-0.8.0-py3-none-linux_armv6l.whl", hash = "sha256:fcb1bf2cc6706adae9d79c8d86478677e3bbd4ced796ccad106fd4776d395fea", size = 10518283 },
    { url = "https://files.pythonhosted.org/packages/da/c8/0a47de01edf19fb22f5f9b7964f46a68d0bdff20144d134556ffd1ba9154/ruff-0.8.0-py3-none-macosx_10_12_x86_64.whl", hash = "sha256:295bb4c02d58ff2ef4378a1870c20af30723013f441c9d1637a008baaf928c8b", size = 10317691 },
    { url = "https://files.pythonhosted.org/packages/41/17/9885e4a0eeae07abd2a4ebabc3246f556719f24efa477ba2739146c4635a/ruff-0.8.0-py3-none-macosx_11_0_arm64.whl", hash = "sha256:7b1f1c76b47c18fa92ee78b60d2d20d7e866c55ee603e7d19c1e991fad933a9a", size = 9940999 },
    { url = "https://files.pythonhosted.org/packages/3e/cd/46b6f7043597eb318b5f5482c8ae8f5491cccce771e85f59d23106f2d179/ruff-0.8.0-py3-none-manylinux_2_17_aarch64.manylinux2014_aarch64.whl", hash = "sha256:eb0d4f250a7711b67ad513fde67e8870109e5ce590a801c3722580fe98c33a99", size = 10772437 },
    { url = "https://files.pythonhosted.org/packages/5d/87/afc95aeb8bc78b1d8a3461717a4419c05aa8aa943d4c9cbd441630f85584/ruff-0.8.0-py3-none-manylinux_2_17_armv7l.manylinux2014_armv7l.whl", hash = "sha256:0e55cce9aa93c5d0d4e3937e47b169035c7e91c8655b0974e61bb79cf398d49c", size = 10299156 },
    { url = "https://files.pythonhosted.org/packages/65/fa/04c647bb809c4d65e8eae1ed1c654d9481b21dd942e743cd33511687b9f9/ruff-0.8.0-py3-none-manylinux_2_17_i686.manylinux2014_i686.whl", hash = "sha256:3f4cd64916d8e732ce6b87f3f5296a8942d285bbbc161acee7fe561134af64f9", size = 11325819 },
    { url = "https://files.pythonhosted.org/packages/90/26/7dad6e7d833d391a8a1afe4ee70ca6f36c4a297d3cca83ef10e83e9aacf3/ruff-0.8.0-py3-none-manylinux_2_17_ppc64.manylinux2014_ppc64.whl", hash = "sha256:c5c1466be2a2ebdf7c5450dd5d980cc87c8ba6976fb82582fea18823da6fa362", size = 12023927 },
    { url = "https://files.pythonhosted.org/packages/24/a0/be5296dda6428ba8a13bda8d09fbc0e14c810b485478733886e61597ae2b/ruff-0.8.0-py3-none-manylinux_2_17_ppc64le.manylinux2014_ppc64le.whl", hash = "sha256:2dabfd05b96b7b8f2da00d53c514eea842bff83e41e1cceb08ae1966254a51df", size = 11589702 },
    { url = "https://files.pythonhosted.org/packages/26/3f/7602eb11d2886db545834182a9dbe500b8211fcbc9b4064bf9d358bbbbb4/ruff-0.8.0-py3-none-manylinux_2_17_s390x.manylinux2014_s390x.whl", hash = "sha256:facebdfe5a5af6b1588a1d26d170635ead6892d0e314477e80256ef4a8470cf3", size = 12782936 },
    { url = "https://files.pythonhosted.org/packages/4c/5d/083181bdec4ec92a431c1291d3fff65eef3ded630a4b55eb735000ef5f3b/ruff-0.8.0-py3-none-manylinux_2_17_x86_64.manylinux2014_x86_64.whl", hash = "sha256:87a8e86bae0dbd749c815211ca11e3a7bd559b9710746c559ed63106d382bd9c", size = 11138488 },
    { url = "https://files.pythonhosted.org/packages/b7/23/c12cdef58413cee2436d6a177aa06f7a366ebbca916cf10820706f632459/ruff-0.8.0-py3-none-musllinux_1_2_aarch64.whl", hash = "sha256:85e654f0ded7befe2d61eeaf3d3b1e4ef3894469cd664ffa85006c7720f1e4a2", size = 10744474 },
    { url = "https://files.pythonhosted.org/packages/29/61/a12f3b81520083cd7c5caa24ba61bb99fd1060256482eff0ef04cc5ccd1b/ruff-0.8.0-py3-none-musllinux_1_2_armv7l.whl", hash = "sha256:83a55679c4cb449fa527b8497cadf54f076603cc36779b2170b24f704171ce70", size = 10369029 },
    { url = "https://files.pythonhosted.org/packages/08/2a/c013f4f3e4a54596c369cee74c24870ed1d534f31a35504908b1fc97017a/ruff-0.8.0-py3-none-musllinux_1_2_i686.whl", hash = "sha256:812e2052121634cf13cd6fddf0c1871d0ead1aad40a1a258753c04c18bb71bbd", size = 10867481 },
    { url = "https://files.pythonhosted.org/packages/d5/f7/685b1e1d42a3e94ceb25eab23c70bdd8c0ab66a43121ef83fe6db5a58756/ruff-0.8.0-py3-none-musllinux_1_2_x86_64.whl", hash = "sha256:780d5d8523c04202184405e60c98d7595bdb498c3c6abba3b6d4cdf2ca2af426", size = 11237117 },
    { url = "https://files.pythonhosted.org/packages/03/20/401132c0908e8837625e3b7e32df9962e7cd681a4df1e16a10e2a5b4ecda/ruff-0.8.0-py3-none-win32.whl", hash = "sha256:5fdb6efecc3eb60bba5819679466471fd7d13c53487df7248d6e27146e985468", size = 8783511 },
    { url = "https://files.pythonhosted.org/packages/1d/5c/4d800fca7854f62ad77f2c0d99b4b585f03e2d87a6ec1ecea85543a14a3c/ruff-0.8.0-py3-none-win_amd64.whl", hash = "sha256:582891c57b96228d146725975fbb942e1f30a0c4ba19722e692ca3eb25cc9b4f", size = 9559876 },
    { url = "https://files.pythonhosted.org/packages/5b/bc/cc8a6a5ca4960b226dc15dd8fb511dd11f2014ff89d325c0b9b9faa9871f/ruff-0.8.0-py3-none-win_arm64.whl", hash = "sha256:ba93e6294e9a737cd726b74b09a6972e36bb511f9a102f1d9a7e1ce94dd206a6", size = 8939733 },
]

[[package]]
name = "toml"
version = "0.10.2"
source = { registry = "https://pypi.org/simple" }
sdist = { url = "https://files.pythonhosted.org/packages/be/ba/1f744cdc819428fc6b5084ec34d9b30660f6f9daaf70eead706e3203ec3c/toml-0.10.2.tar.gz", hash = "sha256:b3bda1d108d5dd99f4a20d24d9c348e91c4db7ab1b749200bded2f839ccbe68f", size = 22253 }
wheels = [
    { url = "https://files.pythonhosted.org/packages/44/6f/7120676b6d73228c96e17f1f794d8ab046fc910d781c8d151120c3f1569e/toml-0.10.2-py2.py3-none-any.whl", hash = "sha256:806143ae5bfb6a3c6e736a764057db0e6a0e05e338b5630894a5f779cabb4f9b", size = 16588 },
]

[[package]]
name = "uv"
version = "0.5.5"
source = { registry = "https://pypi.org/simple" }
sdist = { url = "https://files.pythonhosted.org/packages/46/95/ba000f161640015c9f2ecc2681f38eb161b8edac600a0451b36e4ad15aa4/uv-0.5.5.tar.gz", hash = "sha256:7f8db4bdf7eaef6be271457c4b2a167f41ad115434944a09f5034018a29b4093", size = 2324705 }
wheels = [
    { url = "https://files.pythonhosted.org/packages/6d/91/ac61feea1b11e4dc342a4fd174f311b628a04ec3b4614a24676c4d214bd1/uv-0.5.5-py3-none-linux_armv6l.whl", hash = "sha256:d091e88a9c2c830169c3ccf95fd972759e0ab629dacc2d5eff525e5ba3583904", size = 13887911 },
    { url = "https://files.pythonhosted.org/packages/84/18/461af22fd1f80f86548013639ab345810dbf35aa44dff1732c6faf311a48/uv-0.5.5-py3-none-macosx_10_12_x86_64.whl", hash = "sha256:f0bfc7ced2fe0c85b3070dfa219072a1406133e18aab2f2fe10b6455ede0f8b2", size = 13900075 },
    { url = "https://files.pythonhosted.org/packages/68/5f/7a236ad48f81c580691f9e5f28dd47289a9819f18410f12ee3c621791efd/uv-0.5.5-py3-none-macosx_11_0_arm64.whl", hash = "sha256:553901e95cb5a4da1da19e288c29c5f886793f981750400e5cef48e3031b970b", size = 12869530 },
    { url = "https://files.pythonhosted.org/packages/94/d6/d6f441fd041fb4883332b999481896e28502b51681bcb786a001fb1e4a50/uv-0.5.5-py3-none-manylinux_2_17_aarch64.manylinux2014_aarch64.musllinux_1_1_aarch64.whl", hash = "sha256:a4f0c7647187044056dc6f6f5d31b01f445d8695eb7d2f442b29fd5c9216a56f", size = 13158009 },
    { url = "https://files.pythonhosted.org/packages/9b/3d/cc1e44e14266bbdb71eb020d14454f4f24f72fcc2eb84a52bf809e030918/uv-0.5.5-py3-none-manylinux_2_17_armv7l.manylinux2014_armv7l.whl", hash = "sha256:34e894c922ba29a59bbe812a458a7095a575f76b87dfc362e0c3f4f650d6f631", size = 13676515 },
    { url = "https://files.pythonhosted.org/packages/10/5f/b81ed7ab715687a790b9b06a6f4e2781d7f7222840eead0392c3ef6f80ea/uv-0.5.5-py3-none-manylinux_2_17_i686.manylinux2014_i686.whl", hash = "sha256:f5569798fc8eaad58fbb4fb70ced8f09ebe607fbbfb95fa42c559f57bbe0cabd", size = 14245499 },
    { url = "https://files.pythonhosted.org/packages/f7/e1/ce5a88bc5ed61ee310a8e0acc3fa3032280bb2d49514fd48b801bb36f96f/uv-0.5.5-py3-none-manylinux_2_17_ppc64.manylinux2014_ppc64.whl", hash = "sha256:59d53cce11718ce5d5367afc8c93ebcfc5e1cddfa4a44aedbf08d08d9b738381", size = 14920230 },
    { url = "https://files.pythonhosted.org/packages/03/84/6fa2deb5bed9dab815cb7f57e14885ecf8de22249b992f9c4ea5dd042c28/uv-0.5.5-py3-none-manylinux_2_17_ppc64le.manylinux2014_ppc64le.whl", hash = "sha256:3dee9517ebba13d07d8f139c439c5ff63e438d31ebda4d7eb0af8d0f0cc6a181", size = 14701845 },
    { url = "https://files.pythonhosted.org/packages/59/b2/7078d52a73c1e13d984c22fae1888993e5cd3f40cea029ab2666d79d92a7/uv-0.5.5-py3-none-manylinux_2_17_s390x.manylinux2014_s390x.whl", hash = "sha256:29286cd6b9f8e040d02894a67c6b6304811ea393ca9dfade109e93cf4b3b842c", size = 18963098 },
    { url = "https://files.pythonhosted.org/packages/b9/89/a91d927574ce2103d22b7beab319468d915a1d04757cf82b6eaf79b56a10/uv-0.5.5-py3-none-manylinux_2_17_x86_64.manylinux2014_x86_64.whl", hash = "sha256:0f7f04ae5a5430873d8610d8ea0a5d35df92e60bf701f80b3cf24857e0ac5e72", size = 14442788 },
    { url = "https://files.pythonhosted.org/packages/46/3d/2c5a9d362771aeef13c2ba1c9b1267b469e11331b874486f03f6c6fc5eb1/uv-0.5.5-py3-none-manylinux_2_28_aarch64.whl", hash = "sha256:5a47345ccafc0105b2f0cc22fcb0bb05be4d0e60df67f5beea28069b0bb372c8", size = 13394955 },
    { url = "https://files.pythonhosted.org/packages/cf/92/8d646385401472e7358cdf0fc86015edc9bf9132c9b79d7e2a11c300dd84/uv-0.5.5-py3-none-musllinux_1_1_armv7l.whl", hash = "sha256:b55d507bfe2bd2330c41680e4b0077972381f40975a59b53007254196abc4477", size = 13639522 },
    { url = "https://files.pythonhosted.org/packages/da/23/5e00b71f9c8b9c16f0947bf84b71265bafdf24947d2e271a657da00a0c6a/uv-0.5.5-py3-none-musllinux_1_1_i686.whl", hash = "sha256:365715e7247c2cd8ef661e8f96927b181248f689c07e48b076c9dbc78a4a0877", size = 13957451 },
    { url = "https://files.pythonhosted.org/packages/02/38/0c624a8d89416fa6c849c6670066c74f420aa898eafdf7cefd3adf77d686/uv-0.5.5-py3-none-musllinux_1_1_ppc64le.whl", hash = "sha256:0314a4b9a25bf00afe4e5472c338c8c6bd34688c23d63ce1ad35462cf087b492", size = 15840287 },
    { url = "https://files.pythonhosted.org/packages/a8/bd/1a81700d2555be504f0b1ff82f86d666384805e354c8eec2fdf7558d0cf9/uv-0.5.5-py3-none-musllinux_1_1_x86_64.whl", hash = "sha256:f4e9ddcffc29f009f692cda699912b02f6a12089d741b71d2fcd0b181eb71c5d", size = 14560282 },
    { url = "https://files.pythonhosted.org/packages/cd/71/c0b137c62a5a8ab5ecc0a8f505b77e5a05d5b94fd9da7560a247dac000f3/uv-0.5.5-py3-none-win32.whl", hash = "sha256:9af7018430da1f0960eee1592c820c343e2619f2d71f66c3be62da330826c537", size = 13810875 },
    { url = "https://files.pythonhosted.org/packages/e3/d8/56dbbe07aba3cf561fff52b8ed75ce7b694a0710ab676fae4cd7fbf1bdae/uv-0.5.5-py3-none-win_amd64.whl", hash = "sha256:69e15f24493d86c3a2da3764891e35a033ceda09404c1f9b386671d509db95f3", size = 15604848 },
]
